
Microsoft Visual Studio Solution File, Format Version 12.00
# Visual Studio 2012
Project("{FAE04EC0-301F-11D3-BF4B-00C04F79EFBC}") = "Paycheck", "Paycheck\Paycheck.csproj", "{AB965452-3301-402B-BD06-1C7A39C39D5C}"
EndProject
Project("{FAE04EC0-301F-11D3-BF4B-00C04F79EFBC}") = "Paycheck.Tests", "Paycheck.Tests\Paycheck.Tests.csproj", "{FA728C9B-F01B-444A-9F3D-83BBAC00FD48}"
EndProject
Global
	GlobalSection(SolutionConfigurationPlatforms) = preSolution
		Debug|Any CPU = Debug|Any CPU
		Release|Any CPU = Release|Any CPU
	EndGlobalSection
	GlobalSection(ProjectConfigurationPlatforms) = postSolution
		{AB965452-3301-402B-BD06-1C7A39C39D5C}.Debug|Any CPU.ActiveCfg = Debug|Any CPU
		{AB965452-3301-402B-BD06-1C7A39C39D5C}.Debug|Any CPU.Build.0 = Debug|Any CPU
		{AB965452-3301-402B-BD06-1C7A39C39D5C}.Release|Any CPU.ActiveCfg = Release|Any CPU
		{AB965452-3301-402B-BD06-1C7A39C39D5C}.Release|Any CPU.Build.0 = Release|Any CPU
		{FA728C9B-F01B-444A-9F3D-83BBAC00FD48}.Debug|Any CPU.ActiveCfg = Debug|Any CPU
		{FA728C9B-F01B-444A-9F3D-83BBAC00FD48}.Debug|Any CPU.Build.0 = Debug|Any CPU
		{FA728C9B-F01B-444A-9F3D-83BBAC00FD48}.Release|Any CPU.ActiveCfg = Release|Any CPU
		{FA728C9B-F01B-444A-9F3D-83BBAC00FD48}.Release|Any CPU.Build.0 = Release|Any CPU
	EndGlobalSection
EndGlobal
